// !$*UTF8*$!
{
	archiveVersion = 1;
	classes = {
	};
	objectVersion = 50;
	objects = {

/* Begin PBXBuildFile section */
		D33E61ED23FE13B200ABA55C /* AppDelegate.swift in Sources */ = {isa = PBXBuildFile; fileRef = D33E61EC23FE13B200ABA55C /* AppDelegate.swift */; };
		D33E61EF23FE13B200ABA55C /* SceneDelegate.swift in Sources */ = {isa = PBXBuildFile; fileRef = D33E61EE23FE13B200ABA55C /* SceneDelegate.swift */; };
		D33E61F123FE13B200ABA55C /* ViewController.swift in Sources */ = {isa = PBXBuildFile; fileRef = D33E61F023FE13B200ABA55C /* ViewController.swift */; };
		D33E61F423FE13B200ABA55C /* Main.storyboard in Resources */ = {isa = PBXBuildFile; fileRef = D33E61F223FE13B200ABA55C /* Main.storyboard */; };
		D33E61F623FE13B400ABA55C /* Assets.xcassets in Resources */ = {isa = PBXBuildFile; fileRef = D33E61F523FE13B400ABA55C /* Assets.xcassets */; };
		D33E61F923FE13B400ABA55C /* LaunchScreen.storyboard in Resources */ = {isa = PBXBuildFile; fileRef = D33E61F723FE13B400ABA55C /* LaunchScreen.storyboard */; };
		D33E620423FE13B400ABA55C /* Homework_3Tests.swift in Sources */ = {isa = PBXBuildFile; fileRef = D33E620323FE13B400ABA55C /* Homework_3Tests.swift */; };
		D33E620F23FE13B400ABA55C /* Homework_3UITests.swift in Sources */ = {isa = PBXBuildFile; fileRef = D33E620E23FE13B400ABA55C /* Homework_3UITests.swift */; };
/* End PBXBuildFile section */

/* Begin PBXContainerItemProxy section */
		D33E620023FE13B400ABA55C /* PBXContainerItemProxy */ = {
			isa = PBXContainerItemProxy;
			containerPortal = D33E61E123FE13B200ABA55C /* Project object */;
			proxyType = 1;
			remoteGlobalIDString = D33E61E823FE13B200ABA55C;
			remoteInfo = "Homework 3";
		};
		D33E620B23FE13B400ABA55C /* PBXContainerItemProxy */ = {
			isa = PBXContainerItemProxy;
			containerPortal = D33E61E123FE13B200ABA55C /* Project object */;
			proxyType = 1;
			remoteGlobalIDString = D33E61E823FE13B200ABA55C;
			remoteInfo = "Homework 3";
		};
/* End PBXContainerItemProxy section */

/* Begin PBXFileReference section */
		D33E61E923FE13B200ABA55C /* Homework 3.app */ = {isa = PBXFileReference; explicitFileType = wrapper.application; includeInIndex = 0; path = "Homework 3.app"; sourceTree = BUILT_PRODUCTS_DIR; };
		D33E61EC23FE13B200ABA55C /* AppDelegate.swift */ = {isa = PBXFileReference; lastKnownFileType = sourcecode.swift; path = AppDelegate.swift; sourceTree = "<group>"; };
		D33E61EE23FE13B200ABA55C /* SceneDelegate.swift */ = {isa = PBXFileReference; lastKnownFileType = sourcecode.swift; path = SceneDelegate.swift; sourceTree = "<group>"; };
		D33E61F023FE13B200ABA55C /* ViewController.swift */ = {isa = PBXFileReference; lastKnownFileType = sourcecode.swift; path = ViewController.swift; sourceTree = "<group>"; };
		D33E61F323FE13B200ABA55C /* Base */ = {isa = PBXFileReference; lastKnownFileType = file.storyboard; name = Base; path = Base.lproj/Main.storyboard; sourceTree = "<group>"; };
		D33E61F523FE13B400ABA55C /* Assets.xcassets */ = {isa = PBXFileReference; lastKnownFileType = folder.assetcatalog; path = Assets.xcassets; sourceTree = "<group>"; };
		D33E61F823FE13B400ABA55C /* Base */ = {isa = PBXFileReference; lastKnownFileType = file.storyboard; name = Base; path = Base.lproj/LaunchScreen.storyboard; sourceTree = "<group>"; };
		D33E61FA23FE13B400ABA55C /* Info.plist */ = {isa = PBXFileReference; lastKnownFileType = text.plist.xml; path = Info.plist; sourceTree = "<group>"; };
		D33E61FF23FE13B400ABA55C /* Homework 3Tests.xctest */ = {isa = PBXFileReference; explicitFileType = wrapper.cfbundle; includeInIndex = 0; path = "Homework 3Tests.xctest"; sourceTree = BUILT_PRODUCTS_DIR; };
		D33E620323FE13B400ABA55C /* Homework_3Tests.swift */ = {isa = PBXFileReference; lastKnownFileType = sourcecode.swift; path = Homework_3Tests.swift; sourceTree = "<group>"; };
		D33E620523FE13B400ABA55C /* Info.plist */ = {isa = PBXFileReference; lastKnownFileType = text.plist.xml; path = Info.plist; sourceTree = "<group>"; };
		D33E620A23FE13B400ABA55C /* Homework 3UITests.xctest */ = {isa = PBXFileReference; explicitFileType = wrapper.cfbundle; includeInIndex = 0; path = "Homework 3UITests.xctest"; sourceTree = BUILT_PRODUCTS_DIR; };
		D33E620E23FE13B400ABA55C /* Homework_3UITests.swift */ = {isa = PBXFileReference; lastKnownFileType = sourcecode.swift; path = Homework_3UITests.swift; sourceTree = "<group>"; };
		D33E621023FE13B400ABA55C /* Info.plist */ = {isa = PBXFileReference; lastKnownFileType = text.plist.xml; path = Info.plist; sourceTree = "<group>"; };
/* End PBXFileReference section */

/* Begin PBXFrameworksBuildPhase section */
		D33E61E623FE13B200ABA55C /* Frameworks */ = {
			isa = PBXFrameworksBuildPhase;
			buildActionMask = 2147483647;
			files = (
			);
			runOnlyForDeploymentPostprocessing = 0;
		};
		D33E61FC23FE13B400ABA55C /* Frameworks */ = {
			isa = PBXFrameworksBuildPhase;
			buildActionMask = 2147483647;
			files = (
			);
			runOnlyForDeploymentPostprocessing = 0;
		};
		D33E620723FE13B400ABA55C /* Frameworks */ = {
			isa = PBXFrameworksBuildPhase;
			buildActionMask = 2147483647;
			files = (
			);
			runOnlyForDeploymentPostprocessing = 0;
		};
/* End PBXFrameworksBuildPhase section */

/* Begin PBXGroup section */
		D33E61E023FE13B200ABA55C = {
			isa = PBXGroup;
			children = (
				D33E61EB23FE13B200ABA55C /* Homework 3 */,
				D33E620223FE13B400ABA55C /* Homework 3Tests */,
				D33E620D23FE13B400ABA55C /* Homework 3UITests */,
				D33E61EA23FE13B200ABA55C /* Products */,
			);
			sourceTree = "<group>";
		};
		D33E61EA23FE13B200ABA55C /* Products */ = {
			isa = PBXGroup;
			children = (
				D33E61E923FE13B200ABA55C /* Homework 3.app */,
				D33E61FF23FE13B400ABA55C /* Homework 3Tests.xctest */,
				D33E620A23FE13B400ABA55C /* Homework 3UITests.xctest */,
			);
			name = Products;
			sourceTree = "<group>";
		};
		D33E61EB23FE13B200ABA55C /* Homework 3 */ = {
			isa = PBXGroup;
			children = (
				D33E61EC23FE13B200ABA55C /* AppDelegate.swift */,
				D33E61EE23FE13B200ABA55C /* SceneDelegate.swift */,
				D33E61F023FE13B200ABA55C /* ViewController.swift */,
				D33E61F223FE13B200ABA55C /* Main.storyboard */,
				D33E61F523FE13B400ABA55C /* Assets.xcassets */,
				D33E61F723FE13B400ABA55C /* LaunchScreen.storyboard */,
				D33E61FA23FE13B400ABA55C /* Info.plist */,
			);
			path = "Homework 3";
			sourceTree = "<group>";
		};
		D33E620223FE13B400ABA55C /* Homework 3Tests */ = {
			isa = PBXGroup;
			children = (
				D33E620323FE13B400ABA55C /* Homework_3Tests.swift */,
				D33E620523FE13B400ABA55C /* Info.plist */,
			);
			path = "Homework 3Tests";
			sourceTree = "<group>";
		};
		D33E620D23FE13B400ABA55C /* Homework 3UITests */ = {
			isa = PBXGroup;
			children = (
				D33E620E23FE13B400ABA55C /* Homework_3UITests.swift */,
				D33E621023FE13B400ABA55C /* Info.plist */,
			);
			path = "Homework 3UITests";
			sourceTree = "<group>";
		};
/* End PBXGroup section */

/* Begin PBXNativeTarget section */
		D33E61E823FE13B200ABA55C /* Homework 3 */ = {
			isa = PBXNativeTarget;
			buildConfigurationList = D33E621323FE13B400ABA55C /* Build configuration list for PBXNativeTarget "Homework 3" */;
			buildPhases = (
				D33E61E523FE13B200ABA55C /* Sources */,
				D33E61E623FE13B200ABA55C /* Frameworks */,
				D33E61E723FE13B200ABA55C /* Resources */,
			);
			buildRules = (
			);
			dependencies = (
			);
			name = "Homework 3";
			productName = "Homework 3";
			productReference = D33E61E923FE13B200ABA55C /* Homework 3.app */;
			productType = "com.apple.product-type.application";
		};
		D33E61FE23FE13B400ABA55C /* Homework 3Tests */ = {
			isa = PBXNativeTarget;
			buildConfigurationList = D33E621623FE13B400ABA55C /* Build configuration list for PBXNativeTarget "Homework 3Tests" */;
			buildPhases = (
				D33E61FB23FE13B400ABA55C /* Sources */,
				D33E61FC23FE13B400ABA55C /* Frameworks */,
				D33E61FD23FE13B400ABA55C /* Resources */,
			);
			buildRules = (
			);
			dependencies = (
				D33E620123FE13B400ABA55C /* PBXTargetDependency */,
			);
			name = "Homework 3Tests";
			productName = "Homework 3Tests";
			productReference = D33E61FF23FE13B400ABA55C /* Homework 3Tests.xctest */;
			productType = "com.apple.product-type.bundle.unit-test";
		};
		D33E620923FE13B400ABA55C /* Homework 3UITests */ = {
			isa = PBXNativeTarget;
			buildConfigurationList = D33E621923FE13B400ABA55C /* Build configuration list for PBXNativeTarget "Homework 3UITests" */;
			buildPhases = (
				D33E620623FE13B400ABA55C /* Sources */,
				D33E620723FE13B400ABA55C /* Frameworks */,
				D33E620823FE13B400ABA55C /* Resources */,
			);
			buildRules = (
			);
			dependencies = (
				D33E620C23FE13B400ABA55C /* PBXTargetDependency */,
			);
			name = "Homework 3UITests";
			productName = "Homework 3UITests";
			productReference = D33E620A23FE13B400ABA55C /* Homework 3UITests.xctest */;
			productType = "com.apple.product-type.bundle.ui-testing";
		};
/* End PBXNativeTarget section */

/* Begin PBXProject section */
		D33E61E123FE13B200ABA55C /* Project object */ = {
			isa = PBXProject;
			attributes = {
				LastSwiftUpdateCheck = 1130;
				LastUpgradeCheck = 1130;
				ORGANIZATIONNAME = "Elias Mobrin";
				TargetAttributes = {
					D33E61E823FE13B200ABA55C = {
						CreatedOnToolsVersion = 11.3.1;
					};
					D33E61FE23FE13B400ABA55C = {
						CreatedOnToolsVersion = 11.3.1;
						TestTargetID = D33E61E823FE13B200ABA55C;
					};
					D33E620923FE13B400ABA55C = {
						CreatedOnToolsVersion = 11.3.1;
						TestTargetID = D33E61E823FE13B200ABA55C;
					};
				};
			};
			buildConfigurationList = D33E61E423FE13B200ABA55C /* Build configuration list for PBXProject "Homework 3" */;
			compatibilityVersion = "Xcode 9.3";
			developmentRegion = en;
			hasScannedForEncodings = 0;
			knownRegions = (
				en,
				Base,
			);
			mainGroup = D33E61E023FE13B200ABA55C;
			productRefGroup = D33E61EA23FE13B200ABA55C /* Products */;
			projectDirPath = "";
			projectRoot = "";
			targets = (
				D33E61E823FE13B200ABA55C /* Homework 3 */,
				D33E61FE23FE13B400ABA55C /* Homework 3Tests */,
				D33E620923FE13B400ABA55C /* Homework 3UITests */,
			);
		};
/* End PBXProject section */

/* Begin PBXResourcesBuildPhase section */
		D33E61E723FE13B200ABA55C /* Resources */ = {
			isa = PBXResourcesBuildPhase;
			buildActionMask = 2147483647;
			files = (
				D33E61F923FE13B400ABA55C /* LaunchScreen.storyboard in Resources */,
				D33E61F623FE13B400ABA55C /* Assets.xcassets in Resources */,
				D33E61F423FE13B200ABA55C /* Main.storyboard in Resources */,
			);
			runOnlyForDeploymentPostprocessing = 0;
		};
		D33E61FD23FE13B400ABA55C /* Resources */ = {
			isa = PBXResourcesBuildPhase;
			buildActionMask = 2147483647;
			files = (
			);
			runOnlyForDeploymentPostprocessing = 0;
		};
		D33E620823FE13B400ABA55C /* Resources */ = {
			isa = PBXResourcesBuildPhase;
			buildActionMask = 2147483647;
			files = (
			);
			runOnlyForDeploymentPostprocessing = 0;
		};
/* End PBXResourcesBuildPhase section */

/* Begin PBXSourcesBuildPhase section */
		D33E61E523FE13B200ABA55C /* Sources */ = {
			isa = PBXSourcesBuildPhase;
			buildActionMask = 2147483647;
			files = (
				D33E61F123FE13B200ABA55C /* ViewController.swift in Sources */,
				D33E61ED23FE13B200ABA55C /* AppDelegate.swift in Sources */,
				D33E61EF23FE13B200ABA55C /* SceneDelegate.swift in Sources */,
			);
			runOnlyForDeploymentPostprocessing = 0;
		};
		D33E61FB23FE13B400ABA55C /* Sources */ = {
			isa = PBXSourcesBuildPhase;
			buildActionMask = 2147483647;
			files = (
				D33E620423FE13B400ABA55C /* Homework_3Tests.swift in Sources */,
			);
			runOnlyForDeploymentPostprocessing = 0;
		};
		D33E620623FE13B400ABA55C /* Sources */ = {
			isa = PBXSourcesBuildPhase;
			buildActionMask = 2147483647;
			files = (
				D33E620F23FE13B400ABA55C /* Homework_3UITests.swift in Sources */,
			);
			runOnlyForDeploymentPostprocessing = 0;
		};
/* End PBXSourcesBuildPhase section */

/* Begin PBXTargetDependency section */
		D33E620123FE13B400ABA55C /* PBXTargetDependency */ = {
			isa = PBXTargetDependency;
			target = D33E61E823FE13B200ABA55C /* Homework 3 */;
			targetProxy = D33E620023FE13B400ABA55C /* PBXContainerItemProxy */;
		};
		D33E620C23FE13B400ABA55C /* PBXTargetDependency */ = {
			isa = PBXTargetDependency;
			target = D33E61E823FE13B200ABA55C /* Homework 3 */;
			targetProxy = D33E620B23FE13B400ABA55C /* PBXContainerItemProxy */;
		};
/* End PBXTargetDependency section */

/* Begin PBXVariantGroup section */
		D33E61F223FE13B200ABA55C /* Main.storyboard */ = {
			isa = PBXVariantGroup;
			children = (
				D33E61F323FE13B200ABA55C /* Base */,
			);
			name = Main.storyboard;
			sourceTree = "<group>";
		};
		D33E61F723FE13B400ABA55C /* LaunchScreen.storyboard */ = {
			isa = PBXVariantGroup;
			children = (
				D33E61F823FE13B400ABA55C /* Base */,
			);
			name = LaunchScreen.storyboard;
			sourceTree = "<group>";
		};
/* End PBXVariantGroup section */

/* Begin XCBuildConfiguration section */
		D33E621123FE13B400ABA55C /* Debug */ = {
			isa = XCBuildConfiguration;
			buildSettings = {
				ALWAYS_SEARCH_USER_PATHS = NO;
				CLANG_ANALYZER_NONNULL = YES;
				CLANG_ANALYZER_NUMBER_OBJECT_CONVERSION = YES_AGGRESSIVE;
				CLANG_CXX_LANGUAGE_STANDARD = "gnu++14";
				CLANG_CXX_LIBRARY = "libc++";
				CLANG_ENABLE_MODULES = YES;
				CLANG_ENABLE_OBJC_ARC = YES;
				CLANG_ENABLE_OBJC_WEAK = YES;
				CLANG_WARN_BLOCK_CAPTURE_AUTORELEASING = YES;
				CLANG_WARN_BOOL_CONVERSION = YES;
				CLANG_WARN_COMMA = YES;
				CLANG_WARN_CONSTANT_CONVERSION = YES;
				CLANG_WARN_DEPRECATED_OBJC_IMPLEMENTATIONS = YES;
				CLANG_WARN_DIRECT_OBJC_ISA_USAGE = YES_ERROR;
				CLANG_WARN_DOCUMENTATION_COMMENTS = YES;
				CLANG_WARN_EMPTY_BODY = YES;
				CLANG_WARN_ENUM_CONVERSION = YES;
				CLANG_WARN_INFINITE_RECURSION = YES;
				CLANG_WARN_INT_CONVERSION = YES;
				CLANG_WARN_NON_LITERAL_NULL_CONVERSION = YES;
				CLANG_WARN_OBJC_IMPLICIT_RETAIN_SELF = YES;
				CLANG_WARN_OBJC_LITERAL_CONVERSION = YES;
				CLANG_WARN_OBJC_ROOT_CLASS = YES_ERROR;
				CLANG_WARN_RANGE_LOOP_ANALYSIS = YES;
				CLANG_WARN_STRICT_PROTOTYPES = YES;
				CLANG_WARN_SUSPICIOUS_MOVE = YES;
				CLANG_WARN_UNGUARDED_AVAILABILITY = YES_AGGRESSIVE;
				CLANG_WARN_UNREACHABLE_CODE = YES;
				CLANG_WARN__DUPLICATE_METHOD_MATCH = YES;
				COPY_PHASE_STRIP = NO;
				DEBUG_INFORMATION_FORMAT = dwarf;
				ENABLE_STRICT_OBJC_MSGSEND = YES;
				ENABLE_TESTABILITY = YES;
				GCC_C_LANGUAGE_STANDARD = gnu11;
				GCC_DYNAMIC_NO_PIC = NO;
				GCC_NO_COMMON_BLOCKS = YES;
				GCC_OPTIMIZATION_LEVEL = 0;
				GCC_PREPROCESSOR_DEFINITIONS = (
					"DEBUG=1",
					"$(inherited)",
				);
				GCC_WARN_64_TO_32_BIT_CONVERSION = YES;
				GCC_WARN_ABOUT_RETURN_TYPE = YES_ERROR;
				GCC_WARN_UNDECLARED_SELECTOR = YES;
				GCC_WARN_UNINITIALIZED_AUTOS = YES_AGGRESSIVE;
				GCC_WARN_UNUSED_FUNCTION = YES;
				GCC_WARN_UNUSED_VARIABLE = YES;
				IPHONEOS_DEPLOYMENT_TARGET = 13.2;
				MTL_ENABLE_DEBUG_INFO = INCLUDE_SOURCE;
				MTL_FAST_MATH = YES;
				ONLY_ACTIVE_ARCH = YES;
				SDKROOT = iphoneos;
				SWIFT_ACTIVE_COMPILATION_CONDITIONS = DEBUG;
				SWIFT_OPTIMIZATION_LEVEL = "-Onone";
			};
			name = Debug;
		};
		D33E621223FE13B400ABA55C /* Release */ = {
			isa = XCBuildConfiguration;
			buildSettings = {
				ALWAYS_SEARCH_USER_PATHS = NO;
				CLANG_ANALYZER_NONNULL = YES;
				CLANG_ANALYZER_NUMBER_OBJECT_CONVERSION = YES_AGGRESSIVE;
				CLANG_CXX_LANGUAGE_STANDARD = "gnu++14";
				CLANG_CXX_LIBRARY = "libc++";
				CLANG_ENABLE_MODULES = YES;
				CLANG_ENABLE_OBJC_ARC = YES;
				CLANG_ENABLE_OBJC_WEAK = YES;
				CLANG_WARN_BLOCK_CAPTURE_AUTORELEASING = YES;
				CLANG_WARN_BOOL_CONVERSION = YES;
				CLANG_WARN_COMMA = YES;
				CLANG_WARN_CONSTANT_CONVERSION = YES;
				CLANG_WARN_DEPRECATED_OBJC_IMPLEMENTATIONS = YES;
				CLANG_WARN_DIRECT_OBJC_ISA_USAGE = YES_ERROR;
				CLANG_WARN_DOCUMENTATION_COMMENTS = YES;
				CLANG_WARN_EMPTY_BODY = YES;
				CLANG_WARN_ENUM_CONVERSION = YES;
				CLANG_WARN_INFINITE_RECURSION = YES;
				CLANG_WARN_INT_CONVERSION = YES;
				CLANG_WARN_NON_LITERAL_NULL_CONVERSION = YES;
				CLANG_WARN_OBJC_IMPLICIT_RETAIN_SELF = YES;
				CLANG_WARN_OBJC_LITERAL_CONVERSION = YES;
				CLANG_WARN_OBJC_ROOT_CLASS = YES_ERROR;
				CLANG_WARN_RANGE_LOOP_ANALYSIS = YES;
				CLANG_WARN_STRICT_PROTOTYPES = YES;
				CLANG_WARN_SUSPICIOUS_MOVE = YES;
				CLANG_WARN_UNGUARDED_AVAILABILITY = YES_AGGRESSIVE;
				CLANG_WARN_UNREACHABLE_CODE = YES;
				CLANG_WARN__DUPLICATE_METHOD_MATCH = YES;
				COPY_PHASE_STRIP = NO;
				DEBUG_INFORMATION_FORMAT = "dwarf-with-dsym";
				ENABLE_NS_ASSERTIONS = NO;
				ENABLE_STRICT_OBJC_MSGSEND = YES;
				GCC_C_LANGUAGE_STANDARD = gnu11;
				GCC_NO_COMMON_BLOCKS = YES;
				GCC_WARN_64_TO_32_BIT_CONVERSION = YES;
				GCC_WARN_ABOUT_RETURN_TYPE = YES_ERROR;
				GCC_WARN_UNDECLARED_SELECTOR = YES;
				GCC_WARN_UNINITIALIZED_AUTOS = YES_AGGRESSIVE;
				GCC_WARN_UNUSED_FUNCTION = YES;
				GCC_WARN_UNUSED_VARIABLE = YES;
				IPHONEOS_DEPLOYMENT_TARGET = 13.2;
				MTL_ENABLE_DEBUG_INFO = NO;
				MTL_FAST_MATH = YES;
				SDKROOT = iphoneos;
				SWIFT_COMPILATION_MODE = wholemodule;
				SWIFT_OPTIMIZATION_LEVEL = "-O";
				VALIDATE_PRODUCT = YES;
			};
			name = Release;
		};
		D33E621423FE13B400ABA55C /* Debug */ = {
			isa = XCBuildConfiguration;
			buildSettings = {
				ASSETCATALOG_COMPILER_APPICON_NAME = AppIcon;
				CODE_SIGN_STYLE = Automatic;
				DEVELOPMENT_TEAM = PDYA75D94K;
				INFOPLIST_FILE = "Homework 3/Info.plist";
				LD_RUNPATH_SEARCH_PATHS = (
					"$(inherited)",
					"@executable_path/Frameworks",
				);
				PRODUCT_BUNDLE_IDENTIFIER = "eliasmobrin.com.Homework-3";
				PRODUCT_NAME = "$(TARGET_NAME)";
				SWIFT_VERSION = 5.0;
				TARGETED_DEVICE_FAMILY = "1,2";
			};
			name = Debug;
		};
		D33E621523FE13B400ABA55C /* Release */ = {
			isa = XCBuildConfiguration;
			buildSettings = {
				ASSETCATALOG_COMPILER_APPICON_NAME = AppIcon;
				CODE_SIGN_STYLE = Automatic;
				DEVELOPMENT_TEAM = PDYA75D94K;
				INFOPLIST_FILE = "Homework 3/Info.plist";
				LD_RUNPATH_SEARCH_PATHS = (
					"$(inherited)",
					"@executable_path/Frameworks",
				);
				PRODUCT_BUNDLE_IDENTIFIER = "eliasmobrin.com.Homework-3";
				PRODUCT_NAME = "$(TARGET_NAME)";
				SWIFT_VERSION = 5.0;
				TARGETED_DEVICE_FAMILY = "1,2";
			};
			name = Release;
		};
		D33E621723FE13B400ABA55C /* Debug */ = {
			isa = XCBuildConfiguration;
			buildSettings = {
				ALWAYS_EMBED_SWIFT_STANDARD_LIBRARIES = YES;
				BUNDLE_LOADER = "$(TEST_HOST)";
				CODE_SIGN_STYLE = Automatic;
				DEVELOPMENT_TEAM = PDYA75D94K;
				INFOPLIST_FILE = "Homework 3Tests/Info.plist";
				IPHONEOS_DEPLOYMENT_TARGET = 13.2;
				LD_RUNPATH_SEARCH_PATHS = (
					"$(inherited)",
					"@executable_path/Frameworks",
					"@loader_path/Frameworks",
				);
				PRODUCT_BUNDLE_IDENTIFIER = "eliasmobrin.com.Homework-3Tests";
				PRODUCT_NAME = "$(TARGET_NAME)";
				SWIFT_VERSION = 5.0;
				TARGETED_DEVICE_FAMILY = "1,2";
				TEST_HOST = "$(BUILT_PRODUCTS_DIR)/Homework 3.app/Homework 3";
			};
			name = Debug;
		};
		D33E621823FE13B400ABA55C /* Release */ = {
			isa = XCBuildConfiguration;
			buildSettings = {
				ALWAYS_EMBED_SWIFT_STANDARD_LIBRARIES = YES;
				BUNDLE_LOADER = "$(TEST_HOST)";
				CODE_SIGN_STYLE = Automatic;
				DEVELOPMENT_TEAM = PDYA75D94K;
				INFOPLIST_FILE = "Homework 3Tests/Info.plist";
				IPHONEOS_DEPLOYMENT_TARGET = 13.2;
				LD_RUNPATH_SEARCH_PATHS = (
					"$(inherited)",
					"@executable_path/Frameworks",
					"@loader_path/Frameworks",
				);
				PRODUCT_BUNDLE_IDENTIFIER = "eliasmobrin.com.Homework-3Tests";
				PRODUCT_NAME = "$(TARGET_NAME)";
				SWIFT_VERSION = 5.0;
				TARGETED_DEVICE_FAMILY = "1,2";
				TEST_HOST = "$(BUILT_PRODUCTS_DIR)/Homework 3.app/Homework 3";
			};
			name = Release;
		};
		D33E621A23FE13B400ABA55C /* Debug */ = {
			isa = XCBuildConfiguration;
			buildSettings = {
				ALWAYS_EMBED_SWIFT_STANDARD_LIBRARIES = YES;
				CODE_SIGN_STYLE = Automatic;
				DEVELOPMENT_TEAM = PDYA75D94K;
				INFOPLIST_FILE = "Homework 3UITests/Info.plist";
				LD_RUNPATH_SEARCH_PATHS = (
					"$(inherited)",
					"@executable_path/Frameworks",
					"@loader_path/Frameworks",
				);
				PRODUCT_BUNDLE_IDENTIFIER = "eliasmobrin.com.Homework-3UITests";
				PRODUCT_NAME = "$(TARGET_NAME)";
				SWIFT_VERSION = 5.0;
				TARGETED_DEVICE_FAMILY = "1,2";
				TEST_TARGET_NAME = "Homework 3";
			};
			name = Debug;
		};
		D33E621B23FE13B400ABA55C /* Release */ = {
			isa = XCBuildConfiguration;
			buildSettings = {
				ALWAYS_EMBED_SWIFT_STANDARD_LIBRARIES = YES;
				CODE_SIGN_STYLE = Automatic;
				DEVELOPMENT_TEAM = PDYA75D94K;
				INFOPLIST_FILE = "Homework 3UITests/Info.plist";
				LD_RUNPATH_SEARCH_PATHS = (
					"$(inherited)",
					"@executable_path/Frameworks",
					"@loader_path/Frameworks",
				);
				PRODUCT_BUNDLE_IDENTIFIER = "eliasmobrin.com.Homework-3UITests";
				PRODUCT_NAME = "$(TARGET_NAME)";
				SWIFT_VERSION = 5.0;
				TARGETED_DEVICE_FAMILY = "1,2";
				TEST_TARGET_NAME = "Homework 3";
			};
			name = Release;
		};
/* End XCBuildConfiguration section */

/* Begin XCConfigurationList section */
		D33E61E423FE13B200ABA55C /* Build configuration list for PBXProject "Homework 3" */ = {
			isa = XCConfigurationList;
			buildConfigurations = (
				D33E621123FE13B400ABA55C /* Debug */,
				D33E621223FE13B400ABA55C /* Release */,
			);
			defaultConfigurationIsVisible = 0;
			defaultConfigurationName = Release;
		};
		D33E621323FE13B400ABA55C /* Build configuration list for PBXNativeTarget "Homework 3" */ = {
			isa = XCConfigurationList;
			buildConfigurations = (
				D33E621423FE13B400ABA55C /* Debug */,
				D33E621523FE13B400ABA55C /* Release */,
			);
			defaultConfigurationIsVisible = 0;
			defaultConfigurationName = Release;
		};
		D33E621623FE13B400ABA55C /* Build configuration list for PBXNativeTarget "Homework 3Tests" */ = {
			isa = XCConfigurationList;
			buildConfigurations = (
				D33E621723FE13B400ABA55C /* Debug */,
				D33E621823FE13B400ABA55C /* Release */,
			);
			defaultConfigurationIsVisible = 0;
			defaultConfigurationName = Release;
		};
		D33E621923FE13B400ABA55C /* Build configuration list for PBXNativeTarget "Homework 3UITests" */ = {
			isa = XCConfigurationList;
			buildConfigurations = (
				D33E621A23FE13B400ABA55C /* Debug */,
				D33E621B23FE13B400ABA55C /* Release */,
			);
			defaultConfigurationIsVisible = 0;
			defaultConfigurationName = Release;
		};
/* End XCConfigurationList section */
	};
	rootObject = D33E61E123FE13B200ABA55C /* Project object */;
}
